
Microsoft Visual Studio Solution File, Format Version 12.00
# Visual Studio Version 17
VisualStudioVersion = 17.2.32630.192
MinimumVisualStudioVersion = 10.0.40219.1
Project("{9A19103F-16F7-4668-BE54-9A1E7A4F7556}") = "Cdemo.Identity", "Cdemo.Identity\Cdemo.Identity.csproj", "{6C31A42C-04CD-4F9A-8AE2-E07BFA3078FD}"
EndProject
Project("{9A19103F-16F7-4668-BE54-9A1E7A4F7556}") = "Cdemo.WebApi", "Cdemo.WebApi\Cdemo.WebApi.csproj", "{C628F3A8-1DF4-4F55-8A06-4348521F5317}"
EndProject
Project("{9A19103F-16F7-4668-BE54-9A1E7A4F7556}") = "Cdemo", "Cdemo\Cdemo.csproj", "{4D209735-6FD2-4EE8-86EA-FCB56A78241E}"
EndProject
Project("{9A19103F-16F7-4668-BE54-9A1E7A4F7556}") = "Cdemo.Identity.UnitTests", "Cdemo.Identity.UnitTests\Cdemo.Identity.UnitTests.csproj", "{18861762-462F-4385-B680-CC10C6A98CA6}"
EndProject
Project("{9A19103F-16F7-4668-BE54-9A1E7A4F7556}") = "Cdemo.Staff", "Cdemo.Staff\Cdemo.Staff.csproj", "{15205846-C344-424D-9B2A-4688FA73AA1F}"
EndProject
Project("{9A19103F-16F7-4668-BE54-9A1E7A4F7556}") = "Cdemo.Staff.UnitTests", "Cdemo.Staff.UnitTests\Cdemo.Staff.UnitTests.csproj", "{3E4B99F1-958E-403B-859E-CA98CB319346}"
EndProject
Project("{9A19103F-16F7-4668-BE54-9A1E7A4F7556}") = "Cdemo.Customers", "Cdemo.Customers\Cdemo.Customers.csproj", "{E50462B9-D8D9-4880-983C-AD4D3CCD0EBF}"
EndProject
Project("{FAE04EC0-301F-11D3-BF4B-00C04F79EFBC}") = "Cdemo.Customers.UnitTests", "Cdemo.Customers.UnitTests\Cdemo.Customers.UnitTests.csproj", "{8CFC36A5-6394-41BC-9A65-E7D629E65BCF}"
EndProject
Global
	GlobalSection(SolutionConfigurationPlatforms) = preSolution
		Debug|Any CPU = Debug|Any CPU
		Release|Any CPU = Release|Any CPU
	EndGlobalSection
	GlobalSection(ProjectConfigurationPlatforms) = postSolution
		{6C31A42C-04CD-4F9A-8AE2-E07BFA3078FD}.Debug|Any CPU.ActiveCfg = Debug|Any CPU
		{6C31A42C-04CD-4F9A-8AE2-E07BFA3078FD}.Debug|Any CPU.Build.0 = Debug|Any CPU
		{6C31A42C-04CD-4F9A-8AE2-E07BFA3078FD}.Release|Any CPU.ActiveCfg = Release|Any CPU
		{6C31A42C-04CD-4F9A-8AE2-E07BFA3078FD}.Release|Any CPU.Build.0 = Release|Any CPU
		{C628F3A8-1DF4-4F55-8A06-4348521F5317}.Debug|Any CPU.ActiveCfg = Debug|Any CPU
		{C628F3A8-1DF4-4F55-8A06-4348521F5317}.Debug|Any CPU.Build.0 = Debug|Any CPU
		{C628F3A8-1DF4-4F55-8A06-4348521F5317}.Release|Any CPU.ActiveCfg = Release|Any CPU
		{C628F3A8-1DF4-4F55-8A06-4348521F5317}.Release|Any CPU.Build.0 = Release|Any CPU
		{4D209735-6FD2-4EE8-86EA-FCB56A78241E}.Debug|Any CPU.ActiveCfg = Debug|Any CPU
		{4D209735-6FD2-4EE8-86EA-FCB56A78241E}.Debug|Any CPU.Build.0 = Debug|Any CPU
		{4D209735-6FD2-4EE8-86EA-FCB56A78241E}.Release|Any CPU.ActiveCfg = Release|Any CPU
		{4D209735-6FD2-4EE8-86EA-FCB56A78241E}.Release|Any CPU.Build.0 = Release|Any CPU
		{18861762-462F-4385-B680-CC10C6A98CA6}.Debug|Any CPU.ActiveCfg = Debug|Any CPU
		{18861762-462F-4385-B680-CC10C6A98CA6}.Debug|Any CPU.Build.0 = Debug|Any CPU
		{18861762-462F-4385-B680-CC10C6A98CA6}.Release|Any CPU.ActiveCfg = Release|Any CPU
		{18861762-462F-4385-B680-CC10C6A98CA6}.Release|Any CPU.Build.0 = Release|Any CPU
		{15205846-C344-424D-9B2A-4688FA73AA1F}.Debug|Any CPU.ActiveCfg = Debug|Any CPU
		{15205846-C344-424D-9B2A-4688FA73AA1F}.Debug|Any CPU.Build.0 = Debug|Any CPU
		{15205846-C344-424D-9B2A-4688FA73AA1F}.Release|Any CPU.ActiveCfg = Release|Any CPU
		{15205846-C344-424D-9B2A-4688FA73AA1F}.Release|Any CPU.Build.0 = Release|Any CPU
		{3E4B99F1-958E-403B-859E-CA98CB319346}.Debug|Any CPU.ActiveCfg = Debug|Any CPU
		{3E4B99F1-958E-403B-859E-CA98CB319346}.Debug|Any CPU.Build.0 = Debug|Any CPU
		{3E4B99F1-958E-403B-859E-CA98CB319346}.Release|Any CPU.ActiveCfg = Release|Any CPU
		{3E4B99F1-958E-403B-859E-CA98CB319346}.Release|Any CPU.Build.0 = Release|Any CPU
		{E50462B9-D8D9-4880-983C-AD4D3CCD0EBF}.Debug|Any CPU.ActiveCfg = Debug|Any CPU
		{E50462B9-D8D9-4880-983C-AD4D3CCD0EBF}.Debug|Any CPU.Build.0 = Debug|Any CPU
		{E50462B9-D8D9-4880-983C-AD4D3CCD0EBF}.Release|Any CPU.ActiveCfg = Release|Any CPU
		{E50462B9-D8D9-4880-983C-AD4D3CCD0EBF}.Release|Any CPU.Build.0 = Release|Any CPU
		{8CFC36A5-6394-41BC-9A65-E7D629E65BCF}.Debug|Any CPU.ActiveCfg = Debug|Any CPU
		{8CFC36A5-6394-41BC-9A65-E7D629E65BCF}.Debug|Any CPU.Build.0 = Debug|Any CPU
		{8CFC36A5-6394-41BC-9A65-E7D629E65BCF}.Release|Any CPU.ActiveCfg = Release|Any CPU
		{8CFC36A5-6394-41BC-9A65-E7D629E65BCF}.Release|Any CPU.Build.0 = Release|Any CPU
	EndGlobalSection
	GlobalSection(SolutionProperties) = preSolution
		HideSolutionNode = FALSE
	EndGlobalSection
	GlobalSection(ExtensibilityGlobals) = postSolution
		SolutionGuid = {5DB8A3FE-4E23-4648-88F9-01F2BE10C8AC}
	EndGlobalSection
EndGlobal
